
Microsoft Visual Studio Solution File, Format Version 12.00
# Visual Studio Version 17
VisualStudioVersion = 17.7.34024.191
MinimumVisualStudioVersion = 10.0.40219.1
Project("{9A19103F-16F7-4668-BE54-9A1E7A4F7556}") = "ProcessUsersRecordsFunction.UnitTests", "ProcessUsersRecordsFunction.UnitTests\ProcessUsersRecordsFunction.UnitTests.csproj", "{A450EEEE-3ADC-4029-8873-677EDC429C5D}"
EndProject
Project("{9A19103F-16F7-4668-BE54-9A1E7A4F7556}") = "SendNotificaton", "SendNotificaton\SendNotificaton.csproj", "{E31DCEF5-C9CA-44AD-A943-02D0FB966172}"
EndProject
Project("{9A19103F-16F7-4668-BE54-9A1E7A4F7556}") = "HandleNotification", "HandleNotification\HandleNotification.csproj", "{408F53BF-6027-4F3E-928B-8848F2012107}"
EndProject
Global
	GlobalSection(SolutionConfigurationPlatforms) = preSolution
		Debug|Any CPU = Debug|Any CPU
		Release|Any CPU = Release|Any CPU
	EndGlobalSection
	GlobalSection(ProjectConfigurationPlatforms) = postSolution
		{A450EEEE-3ADC-4029-8873-677EDC429C5D}.Debug|Any CPU.ActiveCfg = Debug|Any CPU
		{A450EEEE-3ADC-4029-8873-677EDC429C5D}.Debug|Any CPU.Build.0 = Debug|Any CPU
		{A450EEEE-3ADC-4029-8873-677EDC429C5D}.Release|Any CPU.ActiveCfg = Release|Any CPU
		{A450EEEE-3ADC-4029-8873-677EDC429C5D}.Release|Any CPU.Build.0 = Release|Any CPU
		{E31DCEF5-C9CA-44AD-A943-02D0FB966172}.Debug|Any CPU.ActiveCfg = Debug|Any CPU
		{E31DCEF5-C9CA-44AD-A943-02D0FB966172}.Debug|Any CPU.Build.0 = Debug|Any CPU
		{E31DCEF5-C9CA-44AD-A943-02D0FB966172}.Release|Any CPU.ActiveCfg = Release|Any CPU
		{E31DCEF5-C9CA-44AD-A943-02D0FB966172}.Release|Any CPU.Build.0 = Release|Any CPU
		{408F53BF-6027-4F3E-928B-8848F2012107}.Debug|Any CPU.ActiveCfg = Debug|Any CPU
		{408F53BF-6027-4F3E-928B-8848F2012107}.Debug|Any CPU.Build.0 = Debug|Any CPU
		{408F53BF-6027-4F3E-928B-8848F2012107}.Release|Any CPU.ActiveCfg = Release|Any CPU
		{408F53BF-6027-4F3E-928B-8848F2012107}.Release|Any CPU.Build.0 = Release|Any CPU
	EndGlobalSection
	GlobalSection(SolutionProperties) = preSolution
		HideSolutionNode = FALSE
	EndGlobalSection
	GlobalSection(ExtensibilityGlobals) = postSolution
		SolutionGuid = {0CCEE75E-6ACA-47CD-A7DE-B74AC94B1FD2}
	EndGlobalSection
EndGlobal
